
Microsoft Visual Studio Solution File, Format Version 12.00
# Visual Studio 2015
Project("{FAE04EC0-301F-11D3-BF4B-00C04F79EFBC}") = "Keysmith Hotel.CSharp", "Keysmith Hotel.CSharp.csproj", "{D9EC30C2-CBC3-D2D8-3736-18B4717FEE8B}"
EndProject
Global
	GlobalSection(SolutionConfigurationPlatforms) = preSolution
		Debug|Any CPU = Debug|Any CPU
		Release|Any CPU = Release|Any CPU
	EndGlobalSection
	GlobalSection(ProjectConfigurationPlatforms) = postSolution
		{D9EC30C2-CBC3-D2D8-3736-18B4717FEE8B}.Debug|Any CPU.ActiveCfg = Debug|Any CPU
		{D9EC30C2-CBC3-D2D8-3736-18B4717FEE8B}.Debug|Any CPU.Build.0 = Debug|Any CPU
		{D9EC30C2-CBC3-D2D8-3736-18B4717FEE8B}.Release|Any CPU.ActiveCfg = Release|Any CPU
		{D9EC30C2-CBC3-D2D8-3736-18B4717FEE8B}.Release|Any CPU.Build.0 = Release|Any CPU
	EndGlobalSection
	GlobalSection(SolutionProperties) = preSolution
		HideSolutionNode = FALSE
	EndGlobalSection
EndGlobal
