Microsoft Visual Studio Solution File, Format Version 11.00
# Visual Studio 2008

Project("{114F62FE-AC0C-8165-BA27-8AC4F977498A}") = "Keysmith Hotel", "Assembly-CSharp.csproj", "{6EB7672E-A155-3F20-CE00-E77DDC27BBBF}"
EndProject
Global
	GlobalSection(SolutionConfigurationPlatforms) = preSolution
		Debug|Any CPU = Debug|Any CPU
		Release|Any CPU = Release|Any CPU
	EndGlobalSection
	GlobalSection(ProjectConfigurationPlatforms) = postSolution
		{6EB7672E-A155-3F20-CE00-E77DDC27BBBF}.Debug|Any CPU.ActiveCfg = Debug|Any CPU
		{6EB7672E-A155-3F20-CE00-E77DDC27BBBF}.Debug|Any CPU.Build.0 = Debug|Any CPU
		{6EB7672E-A155-3F20-CE00-E77DDC27BBBF}.Release|Any CPU.ActiveCfg = Release|Any CPU
		{6EB7672E-A155-3F20-CE00-E77DDC27BBBF}.Release|Any CPU.Build.0 = Release|Any CPU
	EndGlobalSection
	GlobalSection(SolutionProperties) = preSolution
		HideSolutionNode = FALSE
	EndGlobalSection
	GlobalSection(MonoDevelopProperties) = preSolution
		StartupItem = Assembly-CSharp.csproj
	EndGlobalSection
EndGlobal
